
Microsoft Visual Studio Solution File, Format Version 12.00
# Visual Studio Version 16
VisualStudioVersion = 16.0.808.2
MinimumVisualStudioVersion = 10.0.40219.1
Project("{FAE04EC0-301F-11D3-BF4B-00C04F79EFBC}") = "Laboratorio6", "Laboratorio6\Laboratorio6.csproj", "{2FC0204C-E115-4EAF-9D15-2F3E1B4575E9}"
EndProject
Project("{2150E333-8FDC-42A3-9474-1A3956D46DE8}") = "Solution Items", "Solution Items", "{43E504DC-60CA-4F13-A12E-7AF43882750F}"
EndProject
Global
	GlobalSection(SolutionConfigurationPlatforms) = preSolution
		Debug|Any CPU = Debug|Any CPU
		Release|Any CPU = Release|Any CPU
	EndGlobalSection
	GlobalSection(ProjectConfigurationPlatforms) = postSolution
		{2FC0204C-E115-4EAF-9D15-2F3E1B4575E9}.Debug|Any CPU.ActiveCfg = Debug|Any CPU
		{2FC0204C-E115-4EAF-9D15-2F3E1B4575E9}.Debug|Any CPU.Build.0 = Debug|Any CPU
		{2FC0204C-E115-4EAF-9D15-2F3E1B4575E9}.Release|Any CPU.ActiveCfg = Release|Any CPU
		{2FC0204C-E115-4EAF-9D15-2F3E1B4575E9}.Release|Any CPU.Build.0 = Release|Any CPU
	EndGlobalSection
	GlobalSection(SolutionProperties) = preSolution
		HideSolutionNode = FALSE
	EndGlobalSection
	GlobalSection(ExtensibilityGlobals) = postSolution
		SolutionGuid = {964F037F-1924-4131-BD70-4C7AD0DE5096}
	EndGlobalSection
EndGlobal
